
Microsoft Visual Studio Solution File, Format Version 12.00
# Visual Studio Version 17
VisualStudioVersion = 17.3.32929.385
MinimumVisualStudioVersion = 10.0.40219.1
Project("{9A19103F-16F7-4668-BE54-9A1E7A4F7556}") = "Egov.Integrations.MLog", "Egov.Integrations.MLog\Egov.Integrations.MLog.csproj", "{032794CA-8964-4003-95C8-0025E1178AAD}"
EndProject
Project("{9A19103F-16F7-4668-BE54-9A1E7A4F7556}") = "Playground", "Playground\Playground.csproj", "{87490706-D85A-4992-A2CD-328170370A9B}"
EndProject
Project("{FAE04EC0-301F-11D3-BF4B-00C04F79EFBC}") = "Egov.Integrations.MLog.Tests", "Egov.Integrations.MLog.Tests\Egov.Integrations.MLog.Tests.csproj", "{9B103C60-D326-40C4-955A-DBD7C6938671}"
EndProject
Global
	GlobalSection(SolutionConfigurationPlatforms) = preSolution
		Debug|Any CPU = Debug|Any CPU
		Release|Any CPU = Release|Any CPU
	EndGlobalSection
	GlobalSection(ProjectConfigurationPlatforms) = postSolution
		{032794CA-8964-4003-95C8-0025E1178AAD}.Debug|Any CPU.ActiveCfg = Debug|Any CPU
		{032794CA-8964-4003-95C8-0025E1178AAD}.Debug|Any CPU.Build.0 = Debug|Any CPU
		{032794CA-8964-4003-95C8-0025E1178AAD}.Release|Any CPU.ActiveCfg = Release|Any CPU
		{032794CA-8964-4003-95C8-0025E1178AAD}.Release|Any CPU.Build.0 = Release|Any CPU
		{87490706-D85A-4992-A2CD-328170370A9B}.Debug|Any CPU.ActiveCfg = Debug|Any CPU
		{87490706-D85A-4992-A2CD-328170370A9B}.Debug|Any CPU.Build.0 = Debug|Any CPU
		{87490706-D85A-4992-A2CD-328170370A9B}.Release|Any CPU.ActiveCfg = Release|Any CPU
		{87490706-D85A-4992-A2CD-328170370A9B}.Release|Any CPU.Build.0 = Release|Any CPU
		{9B103C60-D326-40C4-955A-DBD7C6938671}.Debug|Any CPU.ActiveCfg = Debug|Any CPU
		{9B103C60-D326-40C4-955A-DBD7C6938671}.Debug|Any CPU.Build.0 = Debug|Any CPU
		{9B103C60-D326-40C4-955A-DBD7C6938671}.Release|Any CPU.ActiveCfg = Release|Any CPU
		{9B103C60-D326-40C4-955A-DBD7C6938671}.Release|Any CPU.Build.0 = Release|Any CPU
	EndGlobalSection
	GlobalSection(SolutionProperties) = preSolution
		HideSolutionNode = FALSE
	EndGlobalSection
	GlobalSection(ExtensibilityGlobals) = postSolution
		SolutionGuid = {10FDC66C-F441-440E-942A-5712D71F3486}
	EndGlobalSection
EndGlobal
